// !$*UTF8*$!
{
	archiveVersion = 1;
	classes = {
	};
	objectVersion = 56;
	objects = {

/* Begin PBXBuildFile section */
		AA2CA5262C39FF3000C88C94 /* AddFloorView.swift in Sources */ = {isa = PBXBuildFile; fileRef = AA2CA5252C39FF3000C88C94 /* AddFloorView.swift */; };
		AA2CA54C2C3D7ABA00C88C94 /* ContentView.swift in Sources */ = {isa = PBXBuildFile; fileRef = AA2CA54B2C3D7ABA00C88C94 /* ContentView.swift */; };
		AA2CA54E2C3DB1BC00C88C94 /* ScanningView.swift in Sources */ = {isa = PBXBuildFile; fileRef = AA2CA54D2C3DB1BC00C88C94 /* ScanningView.swift */; };
		AA2CA5512C3DB5F400C88C94 /* RoomCaptureViewContainer.swift in Sources */ = {isa = PBXBuildFile; fileRef = AA2CA5502C3DB5F400C88C94 /* RoomCaptureViewContainer.swift */; };
		AA2CA5532C3DB60300C88C94 /* ARSCNViewContainer.swift in Sources */ = {isa = PBXBuildFile; fileRef = AA2CA5522C3DB60300C88C94 /* ARSCNViewContainer.swift */; };
		AA2CA5552C3DB61100C88C94 /* ExportRoomViewContainer.swift in Sources */ = {isa = PBXBuildFile; fileRef = AA2CA5542C3DB61100C88C94 /* ExportRoomViewContainer.swift */; };
		AA2CA5572C3DB61E00C88C94 /* SCNViewContainer.swift in Sources */ = {isa = PBXBuildFile; fileRef = AA2CA5562C3DB61E00C88C94 /* SCNViewContainer.swift */; };
		AA2CA5592C3EF87A00C88C94 /* ReferenceMarker.swift in Sources */ = {isa = PBXBuildFile; fileRef = AA2CA5582C3EF87A00C88C94 /* ReferenceMarker.swift */; };
		AA2CA55B2C3F07A500C88C94 /* MarkerView.swift in Sources */ = {isa = PBXBuildFile; fileRef = AA2CA55A2C3F07A500C88C94 /* MarkerView.swift */; };
		AA2CA55D2C3FC62400C88C94 /* MatrixView.swift in Sources */ = {isa = PBXBuildFile; fileRef = AA2CA55C2C3FC62400C88C94 /* MatrixView.swift */; };
		AA64CC7C2C47F8EE005C883B /* SameFloorConnection.swift in Sources */ = {isa = PBXBuildFile; fileRef = AA64CC7B2C47F8EE005C883B /* SameFloorConnection.swift */; };
		AA64CC7E2C47F903005C883B /* AdjacentFloorsConnection.swift in Sources */ = {isa = PBXBuildFile; fileRef = AA64CC7D2C47F903005C883B /* AdjacentFloorsConnection.swift */; };
		AA64CC802C47F91F005C883B /* ElevatorConnection.swift in Sources */ = {isa = PBXBuildFile; fileRef = AA64CC7F2C47F91F005C883B /* ElevatorConnection.swift */; };
		AA64CC822C47FDA8005C883B /* RotoTraslationMatrix.swift in Sources */ = {isa = PBXBuildFile; fileRef = AA64CC812C47FDA8005C883B /* RotoTraslationMatrix.swift */; };
		AA64CC862C495D73005C883B /* Rectangle.swift in Sources */ = {isa = PBXBuildFile; fileRef = AA64CC852C495D73005C883B /* Rectangle.swift */; };
		AA64CC882C495F51005C883B /* Coordinates.swift in Sources */ = {isa = PBXBuildFile; fileRef = AA64CC872C495F51005C883B /* Coordinates.swift */; };
		AA78F5D22C2C69E90044F825 /* Building.swift in Sources */ = {isa = PBXBuildFile; fileRef = AA78F5D12C2C69E90044F825 /* Building.swift */; };
		AA78F5D42C2C6B570044F825 /* Floor.swift in Sources */ = {isa = PBXBuildFile; fileRef = AA78F5D32C2C6B570044F825 /* Floor.swift */; };
		AA78F5D62C2C6BAC0044F825 /* Room.swift in Sources */ = {isa = PBXBuildFile; fileRef = AA78F5D52C2C6BAC0044F825 /* Room.swift */; };
		AA78F5DB2C2C773E0044F825 /* HomeView.swift in Sources */ = {isa = PBXBuildFile; fileRef = AA78F5DA2C2C773E0044F825 /* HomeView.swift */; };
		AA78F5DD2C2DB51D0044F825 /* FloorView.swift in Sources */ = {isa = PBXBuildFile; fileRef = AA78F5DC2C2DB51D0044F825 /* FloorView.swift */; };
		AA78F5E12C2DB6DE0044F825 /* AddBuildingView.swift in Sources */ = {isa = PBXBuildFile; fileRef = AA78F5E02C2DB6DE0044F825 /* AddBuildingView.swift */; };
		AA78F5E82C3300550044F825 /* Connection.swift in Sources */ = {isa = PBXBuildFile; fileRef = AA78F5E72C3300540044F825 /* Connection.swift */; };
		AA78F5EA2C33006F0044F825 /* BuildingModel.swift in Sources */ = {isa = PBXBuildFile; fileRef = AA78F5E92C33006F0044F825 /* BuildingModel.swift */; };
		AA78F5ED2C3303910044F825 /* Logger.swift in Sources */ = {isa = PBXBuildFile; fileRef = AA78F5EC2C3303910044F825 /* Logger.swift */; };
		AA78F5F32C3430C80044F825 /* ServerManager.swift in Sources */ = {isa = PBXBuildFile; fileRef = AA78F5F22C3430C80044F825 /* ServerManager.swift */; };
		AAA29E6A2C1711AA00CA267C /* AppDelegate.swift in Sources */ = {isa = PBXBuildFile; fileRef = AAA29E692C1711AA00CA267C /* AppDelegate.swift */; };
		AAA29E6C2C1711AA00CA267C /* Shaders.metal in Sources */ = {isa = PBXBuildFile; fileRef = AAA29E6B2C1711AA00CA267C /* Shaders.metal */; };
		AAA29E6F2C1711AA00CA267C /* Renderer.swift in Sources */ = {isa = PBXBuildFile; fileRef = AAA29E6E2C1711AA00CA267C /* Renderer.swift */; };
		AAA29E712C1711AA00CA267C /* ViewController.swift in Sources */ = {isa = PBXBuildFile; fileRef = AAA29E702C1711AA00CA267C /* ViewController.swift */; };
		AAA29E762C1711AC00CA267C /* Assets.xcassets in Resources */ = {isa = PBXBuildFile; fileRef = AAA29E752C1711AC00CA267C /* Assets.xcassets */; };
		AAB6190A2C502995008F77EE /* AddRoomView.swift in Sources */ = {isa = PBXBuildFile; fileRef = AAB619092C502995008F77EE /* AddRoomView.swift */; };
		AAE57F9E2C3764FC00F0196F /* RoomView.swift in Sources */ = {isa = PBXBuildFile; fileRef = AAE57F9D2C3764FC00F0196F /* RoomView.swift */; };
		AAE57FA02C376D0D00F0196F /* AddConnectionView.swift in Sources */ = {isa = PBXBuildFile; fileRef = AAE57F9F2C376D0D00F0196F /* AddConnectionView.swift */; };
		AAE57FA22C37FB6100F0196F /* Color.swift in Sources */ = {isa = PBXBuildFile; fileRef = AAE57FA12C37FB6100F0196F /* Color.swift */; };
		AAE57FA62C382C6D00F0196F /* TransitionZone.swift in Sources */ = {isa = PBXBuildFile; fileRef = AAE57FA52C382C6D00F0196F /* TransitionZone.swift */; };
		AAE57FAB2C384E6400F0196F /* DefaultCardView.swift in Sources */ = {isa = PBXBuildFile; fileRef = AAE57FAA2C384E6400F0196F /* DefaultCardView.swift */; };
		AAE57FB12C385D2B00F0196F /* ConnectedDotsView.swift in Sources */ = {isa = PBXBuildFile; fileRef = AAE57FB02C385D2B00F0196F /* ConnectedDotsView.swift */; };
		AAFB3A002C4DB6EF00DBC593 /* extensionNotificationName.swift in Sources */ = {isa = PBXBuildFile; fileRef = AAFB39FF2C4DB6EF00DBC593 /* extensionNotificationName.swift */; };
		AAFB3A022C4DB73400DBC593 /* SaveFile.swift in Sources */ = {isa = PBXBuildFile; fileRef = AAFB3A012C4DB73400DBC593 /* SaveFile.swift */; };
		AAFB3A062C4DCFAB00DBC593 /* ScanningCardView.swift in Sources */ = {isa = PBXBuildFile; fileRef = AAFB3A052C4DCFAB00DBC593 /* ScanningCardView.swift */; };
		AAFB3A0B2C4EC7F400DBC593 /* FloorPlanimetryView.swift in Sources */ = {isa = PBXBuildFile; fileRef = AAFB3A0A2C4EC7F400DBC593 /* FloorPlanimetryView.swift */; };
		AAFB3A0D2C4EC85500DBC593 /* ListRoomsView.swift in Sources */ = {isa = PBXBuildFile; fileRef = AAFB3A0C2C4EC85500DBC593 /* ListRoomsView.swift */; };
		AAFB3A0F2C4ECA1000DBC593 /* ListMatrixView.swift in Sources */ = {isa = PBXBuildFile; fileRef = AAFB3A0E2C4ECA1000DBC593 /* ListMatrixView.swift */; };
/* End PBXBuildFile section */

/* Begin PBXFileReference section */
		AA2CA5252C39FF3000C88C94 /* AddFloorView.swift */ = {isa = PBXFileReference; lastKnownFileType = sourcecode.swift; path = AddFloorView.swift; sourceTree = "<group>"; };
		AA2CA54B2C3D7ABA00C88C94 /* ContentView.swift */ = {isa = PBXFileReference; lastKnownFileType = sourcecode.swift; path = ContentView.swift; sourceTree = "<group>"; };
		AA2CA54D2C3DB1BC00C88C94 /* ScanningView.swift */ = {isa = PBXFileReference; lastKnownFileType = sourcecode.swift; path = ScanningView.swift; sourceTree = "<group>"; };
		AA2CA5502C3DB5F400C88C94 /* RoomCaptureViewContainer.swift */ = {isa = PBXFileReference; lastKnownFileType = sourcecode.swift; path = RoomCaptureViewContainer.swift; sourceTree = "<group>"; };
		AA2CA5522C3DB60300C88C94 /* ARSCNViewContainer.swift */ = {isa = PBXFileReference; lastKnownFileType = sourcecode.swift; path = ARSCNViewContainer.swift; sourceTree = "<group>"; };
		AA2CA5542C3DB61100C88C94 /* ExportRoomViewContainer.swift */ = {isa = PBXFileReference; lastKnownFileType = sourcecode.swift; path = ExportRoomViewContainer.swift; sourceTree = "<group>"; };
		AA2CA5562C3DB61E00C88C94 /* SCNViewContainer.swift */ = {isa = PBXFileReference; lastKnownFileType = sourcecode.swift; path = SCNViewContainer.swift; sourceTree = "<group>"; };
		AA2CA5582C3EF87A00C88C94 /* ReferenceMarker.swift */ = {isa = PBXFileReference; lastKnownFileType = sourcecode.swift; path = ReferenceMarker.swift; sourceTree = "<group>"; };
		AA2CA55A2C3F07A500C88C94 /* MarkerView.swift */ = {isa = PBXFileReference; lastKnownFileType = sourcecode.swift; path = MarkerView.swift; sourceTree = "<group>"; };
		AA2CA55C2C3FC62400C88C94 /* MatrixView.swift */ = {isa = PBXFileReference; lastKnownFileType = sourcecode.swift; path = MatrixView.swift; sourceTree = "<group>"; };
		AA64CC7B2C47F8EE005C883B /* SameFloorConnection.swift */ = {isa = PBXFileReference; lastKnownFileType = sourcecode.swift; path = SameFloorConnection.swift; sourceTree = "<group>"; };
		AA64CC7D2C47F903005C883B /* AdjacentFloorsConnection.swift */ = {isa = PBXFileReference; lastKnownFileType = sourcecode.swift; path = AdjacentFloorsConnection.swift; sourceTree = "<group>"; };
		AA64CC7F2C47F91F005C883B /* ElevatorConnection.swift */ = {isa = PBXFileReference; lastKnownFileType = sourcecode.swift; path = ElevatorConnection.swift; sourceTree = "<group>"; };
		AA64CC812C47FDA8005C883B /* RotoTraslationMatrix.swift */ = {isa = PBXFileReference; lastKnownFileType = sourcecode.swift; path = RotoTraslationMatrix.swift; sourceTree = "<group>"; };
		AA64CC852C495D73005C883B /* Rectangle.swift */ = {isa = PBXFileReference; lastKnownFileType = sourcecode.swift; path = Rectangle.swift; sourceTree = "<group>"; };
		AA64CC872C495F51005C883B /* Coordinates.swift */ = {isa = PBXFileReference; fileEncoding = 4; lastKnownFileType = sourcecode.swift; path = Coordinates.swift; sourceTree = "<group>"; };
		AA78F5D12C2C69E90044F825 /* Building.swift */ = {isa = PBXFileReference; lastKnownFileType = sourcecode.swift; path = Building.swift; sourceTree = "<group>"; };
		AA78F5D32C2C6B570044F825 /* Floor.swift */ = {isa = PBXFileReference; lastKnownFileType = sourcecode.swift; path = Floor.swift; sourceTree = "<group>"; };
		AA78F5D52C2C6BAC0044F825 /* Room.swift */ = {isa = PBXFileReference; lastKnownFileType = sourcecode.swift; path = Room.swift; sourceTree = "<group>"; };
		AA78F5DA2C2C773E0044F825 /* HomeView.swift */ = {isa = PBXFileReference; lastKnownFileType = sourcecode.swift; path = HomeView.swift; sourceTree = "<group>"; xcLanguageSpecificationIdentifier = xcode.lang.swift; };
		AA78F5DC2C2DB51D0044F825 /* FloorView.swift */ = {isa = PBXFileReference; lastKnownFileType = sourcecode.swift; path = FloorView.swift; sourceTree = "<group>"; };
		AA78F5E02C2DB6DE0044F825 /* AddBuildingView.swift */ = {isa = PBXFileReference; lastKnownFileType = sourcecode.swift; path = AddBuildingView.swift; sourceTree = "<group>"; };
		AA78F5E72C3300540044F825 /* Connection.swift */ = {isa = PBXFileReference; lastKnownFileType = sourcecode.swift; path = Connection.swift; sourceTree = "<group>"; };
		AA78F5E92C33006F0044F825 /* BuildingModel.swift */ = {isa = PBXFileReference; lastKnownFileType = sourcecode.swift; path = BuildingModel.swift; sourceTree = "<group>"; };
		AA78F5EC2C3303910044F825 /* Logger.swift */ = {isa = PBXFileReference; lastKnownFileType = sourcecode.swift; path = Logger.swift; sourceTree = "<group>"; };
		AA78F5F22C3430C80044F825 /* ServerManager.swift */ = {isa = PBXFileReference; lastKnownFileType = sourcecode.swift; path = ServerManager.swift; sourceTree = "<group>"; };
		AAA29E662C1711AA00CA267C /* ScanBuild.app */ = {isa = PBXFileReference; explicitFileType = wrapper.application; includeInIndex = 0; path = ScanBuild.app; sourceTree = BUILT_PRODUCTS_DIR; };
		AAA29E692C1711AA00CA267C /* AppDelegate.swift */ = {isa = PBXFileReference; lastKnownFileType = sourcecode.swift; path = AppDelegate.swift; sourceTree = "<group>"; };
		AAA29E6B2C1711AA00CA267C /* Shaders.metal */ = {isa = PBXFileReference; lastKnownFileType = sourcecode.metal; path = Shaders.metal; sourceTree = "<group>"; };
		AAA29E6D2C1711AA00CA267C /* ShaderTypes.h */ = {isa = PBXFileReference; lastKnownFileType = sourcecode.c.h; path = ShaderTypes.h; sourceTree = "<group>"; };
		AAA29E6E2C1711AA00CA267C /* Renderer.swift */ = {isa = PBXFileReference; lastKnownFileType = sourcecode.swift; path = Renderer.swift; sourceTree = "<group>"; };
		AAA29E702C1711AA00CA267C /* ViewController.swift */ = {isa = PBXFileReference; lastKnownFileType = sourcecode.swift; path = ViewController.swift; sourceTree = "<group>"; };
		AAA29E752C1711AC00CA267C /* Assets.xcassets */ = {isa = PBXFileReference; lastKnownFileType = folder.assetcatalog; path = Assets.xcassets; sourceTree = "<group>"; };
		AAA29E772C1711AC00CA267C /* ScanBuild-Bridging-Header.h */ = {isa = PBXFileReference; lastKnownFileType = sourcecode.c.h; path = "ScanBuild-Bridging-Header.h"; sourceTree = "<group>"; };
		AAB619092C502995008F77EE /* AddRoomView.swift */ = {isa = PBXFileReference; fileEncoding = 4; lastKnownFileType = sourcecode.swift; path = AddRoomView.swift; sourceTree = "<group>"; };
		AAE57F9D2C3764FC00F0196F /* RoomView.swift */ = {isa = PBXFileReference; lastKnownFileType = sourcecode.swift; path = RoomView.swift; sourceTree = "<group>"; };
		AAE57F9F2C376D0D00F0196F /* AddConnectionView.swift */ = {isa = PBXFileReference; lastKnownFileType = sourcecode.swift; path = AddConnectionView.swift; sourceTree = "<group>"; };
		AAE57FA12C37FB6100F0196F /* Color.swift */ = {isa = PBXFileReference; lastKnownFileType = sourcecode.swift; path = Color.swift; sourceTree = "<group>"; };
		AAE57FA52C382C6D00F0196F /* TransitionZone.swift */ = {isa = PBXFileReference; lastKnownFileType = sourcecode.swift; path = TransitionZone.swift; sourceTree = "<group>"; };
		AAE57FAA2C384E6400F0196F /* DefaultCardView.swift */ = {isa = PBXFileReference; lastKnownFileType = sourcecode.swift; path = DefaultCardView.swift; sourceTree = "<group>"; };
		AAE57FB02C385D2B00F0196F /* ConnectedDotsView.swift */ = {isa = PBXFileReference; lastKnownFileType = sourcecode.swift; path = ConnectedDotsView.swift; sourceTree = "<group>"; };
		AAFB39FF2C4DB6EF00DBC593 /* extensionNotificationName.swift */ = {isa = PBXFileReference; lastKnownFileType = sourcecode.swift; path = extensionNotificationName.swift; sourceTree = "<group>"; };
		AAFB3A012C4DB73400DBC593 /* SaveFile.swift */ = {isa = PBXFileReference; lastKnownFileType = sourcecode.swift; path = SaveFile.swift; sourceTree = "<group>"; };
		AAFB3A052C4DCFAB00DBC593 /* ScanningCardView.swift */ = {isa = PBXFileReference; lastKnownFileType = sourcecode.swift; path = ScanningCardView.swift; sourceTree = "<group>"; };
		AAFB3A0A2C4EC7F400DBC593 /* FloorPlanimetryView.swift */ = {isa = PBXFileReference; lastKnownFileType = sourcecode.swift; path = FloorPlanimetryView.swift; sourceTree = "<group>"; };
		AAFB3A0C2C4EC85500DBC593 /* ListRoomsView.swift */ = {isa = PBXFileReference; lastKnownFileType = sourcecode.swift; path = ListRoomsView.swift; sourceTree = "<group>"; };
		AAFB3A0E2C4ECA1000DBC593 /* ListMatrixView.swift */ = {isa = PBXFileReference; lastKnownFileType = sourcecode.swift; path = ListMatrixView.swift; sourceTree = "<group>"; };
/* End PBXFileReference section */

/* Begin PBXFrameworksBuildPhase section */
		AAA29E632C1711AA00CA267C /* Frameworks */ = {
			isa = PBXFrameworksBuildPhase;
			buildActionMask = 2147483647;
			files = (
			);
			runOnlyForDeploymentPostprocessing = 0;
		};
/* End PBXFrameworksBuildPhase section */

/* Begin PBXGroup section */
		AA2CA54F2C3DB5C600C88C94 /* AR */ = {
			isa = PBXGroup;
			children = (
				AA2CA5502C3DB5F400C88C94 /* RoomCaptureViewContainer.swift */,
				AA2CA5522C3DB60300C88C94 /* ARSCNViewContainer.swift */,
				AA2CA5542C3DB61100C88C94 /* ExportRoomViewContainer.swift */,
				AA2CA5562C3DB61E00C88C94 /* SCNViewContainer.swift */,
			);
			path = AR;
			sourceTree = "<group>";
		};
		AA64CC832C4957FC005C883B /* Connection */ = {
			isa = PBXGroup;
			children = (
				AA78F5E72C3300540044F825 /* Connection.swift */,
				AA64CC7B2C47F8EE005C883B /* SameFloorConnection.swift */,
				AA64CC7D2C47F903005C883B /* AdjacentFloorsConnection.swift */,
				AA64CC7F2C47F91F005C883B /* ElevatorConnection.swift */,
			);
			path = Connection;
			sourceTree = "<group>";
		};
		AA78F5D72C2C77060044F825 /* Data */ = {
			isa = PBXGroup;
			children = (
				AA78F5EB2C3303770044F825 /* Utils */,
				AA78F5E62C32FF5E0044F825 /* Beans */,
				AA78F5E92C33006F0044F825 /* BuildingModel.swift */,
			);
			path = Data;
			sourceTree = "<group>";
		};
		AA78F5D82C2C77250044F825 /* View */ = {
			isa = PBXGroup;
			children = (
				AAFB3A072C4EC7A200DBC593 /* TabViews */,
				AAE57FA92C384E4D00F0196F /* Beans */,
				AA2CA54F2C3DB5C600C88C94 /* AR */,
				AA78F5DA2C2C773E0044F825 /* HomeView.swift */,
				AA78F5DC2C2DB51D0044F825 /* FloorView.swift */,
				AAE57F9D2C3764FC00F0196F /* RoomView.swift */,
				AA2CA55A2C3F07A500C88C94 /* MarkerView.swift */,
				AA2CA54D2C3DB1BC00C88C94 /* ScanningView.swift */,
				AA78F5E02C2DB6DE0044F825 /* AddBuildingView.swift */,
				AAE57F9F2C376D0D00F0196F /* AddConnectionView.swift */,
				AAB619092C502995008F77EE /* AddRoomView.swift */,
				AA2CA5252C39FF3000C88C94 /* AddFloorView.swift */,
				AA2CA55C2C3FC62400C88C94 /* MatrixView.swift */,
				AAE57FA12C37FB6100F0196F /* Color.swift */,
			);
			path = View;
			sourceTree = "<group>";
		};
		AA78F5E62C32FF5E0044F825 /* Beans */ = {
			isa = PBXGroup;
			children = (
				AA64CC832C4957FC005C883B /* Connection */,
				AA78F5D12C2C69E90044F825 /* Building.swift */,
				AA78F5D32C2C6B570044F825 /* Floor.swift */,
				AA78F5D52C2C6BAC0044F825 /* Room.swift */,
				AA64CC872C495F51005C883B /* Coordinates.swift */,
				AAE57FA52C382C6D00F0196F /* TransitionZone.swift */,
				AA2CA5582C3EF87A00C88C94 /* ReferenceMarker.swift */,
				AA64CC812C47FDA8005C883B /* RotoTraslationMatrix.swift */,
				AA64CC852C495D73005C883B /* Rectangle.swift */,
			);
			path = Beans;
			sourceTree = "<group>";
		};
		AA78F5EB2C3303770044F825 /* Utils */ = {
			isa = PBXGroup;
			children = (
				AA78F5EC2C3303910044F825 /* Logger.swift */,
				AA78F5F22C3430C80044F825 /* ServerManager.swift */,
				AAFB39FF2C4DB6EF00DBC593 /* extensionNotificationName.swift */,
				AAFB3A012C4DB73400DBC593 /* SaveFile.swift */,
			);
			path = Utils;
			sourceTree = "<group>";
		};
		AAA29E5D2C1711AA00CA267C = {
			isa = PBXGroup;
			children = (
				AAA29E682C1711AA00CA267C /* ScanBuild */,
				AAA29E672C1711AA00CA267C /* Products */,
			);
			sourceTree = "<group>";
		};
		AAA29E672C1711AA00CA267C /* Products */ = {
			isa = PBXGroup;
			children = (
				AAA29E662C1711AA00CA267C /* ScanBuild.app */,
			);
			name = Products;
			sourceTree = "<group>";
		};
		AAA29E682C1711AA00CA267C /* ScanBuild */ = {
			isa = PBXGroup;
			children = (
				AA78F5D82C2C77250044F825 /* View */,
				AA78F5D72C2C77060044F825 /* Data */,
				AAA29E692C1711AA00CA267C /* AppDelegate.swift */,
				AAA29E6B2C1711AA00CA267C /* Shaders.metal */,
				AAA29E6D2C1711AA00CA267C /* ShaderTypes.h */,
				AAA29E6E2C1711AA00CA267C /* Renderer.swift */,
				AAA29E702C1711AA00CA267C /* ViewController.swift */,
				AAA29E752C1711AC00CA267C /* Assets.xcassets */,
				AAA29E772C1711AC00CA267C /* ScanBuild-Bridging-Header.h */,
				AA2CA54B2C3D7ABA00C88C94 /* ContentView.swift */,
			);
			path = ScanBuild;
			sourceTree = "<group>";
		};
		AAE57FA92C384E4D00F0196F /* Beans */ = {
			isa = PBXGroup;
			children = (
				AAE57FAA2C384E6400F0196F /* DefaultCardView.swift */,
				AAE57FB02C385D2B00F0196F /* ConnectedDotsView.swift */,
				AAFB3A052C4DCFAB00DBC593 /* ScanningCardView.swift */,
			);
			path = Beans;
			sourceTree = "<group>";
		};
		AAFB3A072C4EC7A200DBC593 /* TabViews */ = {
			isa = PBXGroup;
			children = (
				AAFB3A0A2C4EC7F400DBC593 /* FloorPlanimetryView.swift */,
				AAFB3A0C2C4EC85500DBC593 /* ListRoomsView.swift */,
				AAFB3A0E2C4ECA1000DBC593 /* ListMatrixView.swift */,
			);
			path = TabViews;
			sourceTree = "<group>";
		};
/* End PBXGroup section */

/* Begin PBXNativeTarget section */
		AAA29E652C1711AA00CA267C /* ScanBuild */ = {
			isa = PBXNativeTarget;
			buildConfigurationList = AAA29E7A2C1711AC00CA267C /* Build configuration list for PBXNativeTarget "ScanBuild" */;
			buildPhases = (
				AAA29E622C1711AA00CA267C /* Sources */,
				AAA29E632C1711AA00CA267C /* Frameworks */,
				AAA29E642C1711AA00CA267C /* Resources */,
			);
			buildRules = (
			);
			dependencies = (
			);
			name = ScanBuild;
			productName = ScanBuild;
			productReference = AAA29E662C1711AA00CA267C /* ScanBuild.app */;
			productType = "com.apple.product-type.application";
		};
/* End PBXNativeTarget section */

/* Begin PBXProject section */
		AAA29E5E2C1711AA00CA267C /* Project object */ = {
			isa = PBXProject;
			attributes = {
				BuildIndependentTargetsInParallel = 1;
				LastSwiftUpdateCheck = 1540;
				LastUpgradeCheck = 1540;
				TargetAttributes = {
					AAA29E652C1711AA00CA267C = {
						CreatedOnToolsVersion = 15.4;
					};
				};
			};
			buildConfigurationList = AAA29E612C1711AA00CA267C /* Build configuration list for PBXProject "ScanBuild" */;
			compatibilityVersion = "Xcode 14.0";
			developmentRegion = en;
			hasScannedForEncodings = 0;
			knownRegions = (
				en,
				Base,
			);
			mainGroup = AAA29E5D2C1711AA00CA267C;
			productRefGroup = AAA29E672C1711AA00CA267C /* Products */;
			projectDirPath = "";
			projectRoot = "";
			targets = (
				AAA29E652C1711AA00CA267C /* ScanBuild */,
			);
		};
/* End PBXProject section */

/* Begin PBXResourcesBuildPhase section */
		AAA29E642C1711AA00CA267C /* Resources */ = {
			isa = PBXResourcesBuildPhase;
			buildActionMask = 2147483647;
			files = (
				AAA29E762C1711AC00CA267C /* Assets.xcassets in Resources */,
			);
			runOnlyForDeploymentPostprocessing = 0;
		};
/* End PBXResourcesBuildPhase section */

/* Begin PBXSourcesBuildPhase section */
		AAA29E622C1711AA00CA267C /* Sources */ = {
			isa = PBXSourcesBuildPhase;
			buildActionMask = 2147483647;
			files = (
				AA78F5D22C2C69E90044F825 /* Building.swift in Sources */,
				AA2CA54C2C3D7ABA00C88C94 /* ContentView.swift in Sources */,
				AA2CA5552C3DB61100C88C94 /* ExportRoomViewContainer.swift in Sources */,
				AAFB3A062C4DCFAB00DBC593 /* ScanningCardView.swift in Sources */,
				AAFB3A0D2C4EC85500DBC593 /* ListRoomsView.swift in Sources */,
				AA2CA54E2C3DB1BC00C88C94 /* ScanningView.swift in Sources */,
				AA2CA5592C3EF87A00C88C94 /* ReferenceMarker.swift in Sources */,
				AA78F5D62C2C6BAC0044F825 /* Room.swift in Sources */,
				AA64CC802C47F91F005C883B /* ElevatorConnection.swift in Sources */,
				AAE57FAB2C384E6400F0196F /* DefaultCardView.swift in Sources */,
				AA2CA55B2C3F07A500C88C94 /* MarkerView.swift in Sources */,
				AAE57FB12C385D2B00F0196F /* ConnectedDotsView.swift in Sources */,
				AA2CA55D2C3FC62400C88C94 /* MatrixView.swift in Sources */,
				AA2CA5512C3DB5F400C88C94 /* RoomCaptureViewContainer.swift in Sources */,
				AA64CC862C495D73005C883B /* Rectangle.swift in Sources */,
				AAFB3A0B2C4EC7F400DBC593 /* FloorPlanimetryView.swift in Sources */,
				AA64CC7C2C47F8EE005C883B /* SameFloorConnection.swift in Sources */,
				AAA29E6C2C1711AA00CA267C /* Shaders.metal in Sources */,
				AA78F5D42C2C6B570044F825 /* Floor.swift in Sources */,
				AAFB3A0F2C4ECA1000DBC593 /* ListMatrixView.swift in Sources */,
				AAB6190A2C502995008F77EE /* AddRoomView.swift in Sources */,
				AAE57FA22C37FB6100F0196F /* Color.swift in Sources */,
				AAA29E6F2C1711AA00CA267C /* Renderer.swift in Sources */,
				AA78F5DD2C2DB51D0044F825 /* FloorView.swift in Sources */,
				AA78F5E12C2DB6DE0044F825 /* AddBuildingView.swift in Sources */,
				AA2CA5262C39FF3000C88C94 /* AddFloorView.swift in Sources */,
				AAE57FA02C376D0D00F0196F /* AddConnectionView.swift in Sources */,
				AA64CC822C47FDA8005C883B /* RotoTraslationMatrix.swift in Sources */,
				AAFB3A022C4DB73400DBC593 /* SaveFile.swift in Sources */,
				AA78F5E82C3300550044F825 /* Connection.swift in Sources */,
				AAE57FA62C382C6D00F0196F /* TransitionZone.swift in Sources */,
				AA78F5DB2C2C773E0044F825 /* HomeView.swift in Sources */,
				AA2CA5532C3DB60300C88C94 /* ARSCNViewContainer.swift in Sources */,
				AA78F5F32C3430C80044F825 /* ServerManager.swift in Sources */,
				AAA29E712C1711AA00CA267C /* ViewController.swift in Sources */,
				AA78F5ED2C3303910044F825 /* Logger.swift in Sources */,
				AA2CA5572C3DB61E00C88C94 /* SCNViewContainer.swift in Sources */,
				AAFB3A002C4DB6EF00DBC593 /* extensionNotificationName.swift in Sources */,
				AAE57F9E2C3764FC00F0196F /* RoomView.swift in Sources */,
				AA78F5EA2C33006F0044F825 /* BuildingModel.swift in Sources */,
				AAA29E6A2C1711AA00CA267C /* AppDelegate.swift in Sources */,
				AA64CC7E2C47F903005C883B /* AdjacentFloorsConnection.swift in Sources */,
				AA64CC882C495F51005C883B /* Coordinates.swift in Sources */,
			);
			runOnlyForDeploymentPostprocessing = 0;
		};
/* End PBXSourcesBuildPhase section */

/* Begin XCBuildConfiguration section */
		AAA29E782C1711AC00CA267C /* Debug */ = {
			isa = XCBuildConfiguration;
			buildSettings = {
				ALWAYS_SEARCH_USER_PATHS = NO;
				ASSETCATALOG_COMPILER_GENERATE_SWIFT_ASSET_SYMBOL_EXTENSIONS = YES;
				CLANG_ANALYZER_NONNULL = YES;
				CLANG_ANALYZER_NUMBER_OBJECT_CONVERSION = YES_AGGRESSIVE;
				CLANG_CXX_LANGUAGE_STANDARD = "gnu++20";
				CLANG_ENABLE_MODULES = YES;
				CLANG_ENABLE_OBJC_ARC = YES;
				CLANG_ENABLE_OBJC_WEAK = YES;
				CLANG_WARN_BLOCK_CAPTURE_AUTORELEASING = YES;
				CLANG_WARN_BOOL_CONVERSION = YES;
				CLANG_WARN_COMMA = YES;
				CLANG_WARN_CONSTANT_CONVERSION = YES;
				CLANG_WARN_DEPRECATED_OBJC_IMPLEMENTATIONS = YES;
				CLANG_WARN_DIRECT_OBJC_ISA_USAGE = YES_ERROR;
				CLANG_WARN_DOCUMENTATION_COMMENTS = YES;
				CLANG_WARN_EMPTY_BODY = YES;
				CLANG_WARN_ENUM_CONVERSION = YES;
				CLANG_WARN_INFINITE_RECURSION = YES;
				CLANG_WARN_INT_CONVERSION = YES;
				CLANG_WARN_NON_LITERAL_NULL_CONVERSION = YES;
				CLANG_WARN_OBJC_IMPLICIT_RETAIN_SELF = YES;
				CLANG_WARN_OBJC_LITERAL_CONVERSION = YES;
				CLANG_WARN_OBJC_ROOT_CLASS = YES_ERROR;
				CLANG_WARN_QUOTED_INCLUDE_IN_FRAMEWORK_HEADER = YES;
				CLANG_WARN_RANGE_LOOP_ANALYSIS = YES;
				CLANG_WARN_STRICT_PROTOTYPES = YES;
				CLANG_WARN_SUSPICIOUS_MOVE = YES;
				CLANG_WARN_UNGUARDED_AVAILABILITY = YES_AGGRESSIVE;
				CLANG_WARN_UNREACHABLE_CODE = YES;
				CLANG_WARN__DUPLICATE_METHOD_MATCH = YES;
				COPY_PHASE_STRIP = NO;
				DEBUG_INFORMATION_FORMAT = dwarf;
				ENABLE_STRICT_OBJC_MSGSEND = YES;
				ENABLE_TESTABILITY = YES;
				ENABLE_USER_SCRIPT_SANDBOXING = YES;
				GCC_C_LANGUAGE_STANDARD = gnu17;
				GCC_DYNAMIC_NO_PIC = NO;
				GCC_NO_COMMON_BLOCKS = YES;
				GCC_OPTIMIZATION_LEVEL = 0;
				GCC_PREPROCESSOR_DEFINITIONS = (
					"DEBUG=1",
					"$(inherited)",
				);
				GCC_WARN_64_TO_32_BIT_CONVERSION = YES;
				GCC_WARN_ABOUT_RETURN_TYPE = YES_ERROR;
				GCC_WARN_UNDECLARED_SELECTOR = YES;
				GCC_WARN_UNINITIALIZED_AUTOS = YES_AGGRESSIVE;
				GCC_WARN_UNUSED_FUNCTION = YES;
				GCC_WARN_UNUSED_VARIABLE = YES;
				INFOPLIST_KEY_UIRequiresFullScreen = YES;
				IPHONEOS_DEPLOYMENT_TARGET = 17.5;
				LOCALIZATION_PREFERS_STRING_CATALOGS = YES;
				MTL_ENABLE_DEBUG_INFO = INCLUDE_SOURCE;
				MTL_FAST_MATH = YES;
				ONLY_ACTIVE_ARCH = YES;
				SDKROOT = iphoneos;
				SWIFT_ACTIVE_COMPILATION_CONDITIONS = "DEBUG $(inherited)";
				SWIFT_OPTIMIZATION_LEVEL = "-Onone";
			};
			name = Debug;
		};
		AAA29E792C1711AC00CA267C /* Release */ = {
			isa = XCBuildConfiguration;
			buildSettings = {
				ALWAYS_SEARCH_USER_PATHS = NO;
				ASSETCATALOG_COMPILER_GENERATE_SWIFT_ASSET_SYMBOL_EXTENSIONS = YES;
				CLANG_ANALYZER_NONNULL = YES;
				CLANG_ANALYZER_NUMBER_OBJECT_CONVERSION = YES_AGGRESSIVE;
				CLANG_CXX_LANGUAGE_STANDARD = "gnu++20";
				CLANG_ENABLE_MODULES = YES;
				CLANG_ENABLE_OBJC_ARC = YES;
				CLANG_ENABLE_OBJC_WEAK = YES;
				CLANG_WARN_BLOCK_CAPTURE_AUTORELEASING = YES;
				CLANG_WARN_BOOL_CONVERSION = YES;
				CLANG_WARN_COMMA = YES;
				CLANG_WARN_CONSTANT_CONVERSION = YES;
				CLANG_WARN_DEPRECATED_OBJC_IMPLEMENTATIONS = YES;
				CLANG_WARN_DIRECT_OBJC_ISA_USAGE = YES_ERROR;
				CLANG_WARN_DOCUMENTATION_COMMENTS = YES;
				CLANG_WARN_EMPTY_BODY = YES;
				CLANG_WARN_ENUM_CONVERSION = YES;
				CLANG_WARN_INFINITE_RECURSION = YES;
				CLANG_WARN_INT_CONVERSION = YES;
				CLANG_WARN_NON_LITERAL_NULL_CONVERSION = YES;
				CLANG_WARN_OBJC_IMPLICIT_RETAIN_SELF = YES;
				CLANG_WARN_OBJC_LITERAL_CONVERSION = YES;
				CLANG_WARN_OBJC_ROOT_CLASS = YES_ERROR;
				CLANG_WARN_QUOTED_INCLUDE_IN_FRAMEWORK_HEADER = YES;
				CLANG_WARN_RANGE_LOOP_ANALYSIS = YES;
				CLANG_WARN_STRICT_PROTOTYPES = YES;
				CLANG_WARN_SUSPICIOUS_MOVE = YES;
				CLANG_WARN_UNGUARDED_AVAILABILITY = YES_AGGRESSIVE;
				CLANG_WARN_UNREACHABLE_CODE = YES;
				CLANG_WARN__DUPLICATE_METHOD_MATCH = YES;
				COPY_PHASE_STRIP = NO;
				DEBUG_INFORMATION_FORMAT = "dwarf-with-dsym";
				ENABLE_NS_ASSERTIONS = NO;
				ENABLE_STRICT_OBJC_MSGSEND = YES;
				ENABLE_USER_SCRIPT_SANDBOXING = YES;
				GCC_C_LANGUAGE_STANDARD = gnu17;
				GCC_NO_COMMON_BLOCKS = YES;
				GCC_WARN_64_TO_32_BIT_CONVERSION = YES;
				GCC_WARN_ABOUT_RETURN_TYPE = YES_ERROR;
				GCC_WARN_UNDECLARED_SELECTOR = YES;
				GCC_WARN_UNINITIALIZED_AUTOS = YES_AGGRESSIVE;
				GCC_WARN_UNUSED_FUNCTION = YES;
				GCC_WARN_UNUSED_VARIABLE = YES;
				INFOPLIST_KEY_UIRequiresFullScreen = YES;
				IPHONEOS_DEPLOYMENT_TARGET = 17.5;
				LOCALIZATION_PREFERS_STRING_CATALOGS = YES;
				MTL_ENABLE_DEBUG_INFO = NO;
				MTL_FAST_MATH = YES;
				SDKROOT = iphoneos;
				SWIFT_COMPILATION_MODE = wholemodule;
				VALIDATE_PRODUCT = YES;
			};
			name = Release;
		};
		AAA29E7B2C1711AC00CA267C /* Debug */ = {
			isa = XCBuildConfiguration;
			buildSettings = {
				ASSETCATALOG_COMPILER_APPICON_NAME = AppIcon;
				ASSETCATALOG_COMPILER_GLOBAL_ACCENT_COLOR_NAME = AccentColor;
				CODE_SIGN_STYLE = Automatic;
				CURRENT_PROJECT_VERSION = 1;
				DEVELOPMENT_TEAM = D8V8DB2CZM;
				GENERATE_INFOPLIST_FILE = YES;
				INFOPLIST_KEY_NSCameraUsageDescription = "App will use Camera";
				INFOPLIST_KEY_UIApplicationSupportsIndirectInputEvents = YES;
				INFOPLIST_KEY_UILaunchScreen_Generation = YES;
				INFOPLIST_KEY_UIRequiredDeviceCapabilities = "arkit metal";
				INFOPLIST_KEY_UIRequiresFullScreen = NO;
				INFOPLIST_KEY_UIStatusBarHidden = YES;
				INFOPLIST_KEY_UIStatusBarStyle = "";
				INFOPLIST_KEY_UISupportedInterfaceOrientations = "UIInterfaceOrientationPortrait UIInterfaceOrientationPortraitUpsideDown UIInterfaceOrientationLandscapeRight";
				INFOPLIST_KEY_UISupportedInterfaceOrientations_iPad = "UIInterfaceOrientationPortrait UIInterfaceOrientationLandscapeRight";
				INFOPLIST_KEY_UISupportedInterfaceOrientations_iPhone = "UIInterfaceOrientationPortrait UIInterfaceOrientationPortraitUpsideDown UIInterfaceOrientationLandscapeRight";
				INFOPLIST_KEY_UISupportsDocumentBrowser = YES;
				LD_RUNPATH_SEARCH_PATHS = (
					"$(inherited)",
					"@executable_path/Frameworks",
				);
				MARKETING_VERSION = 1.0;
				PRODUCT_BUNDLE_IDENTIFIER = "EveryLAB-Tesi.ScanBuild";
				PRODUCT_NAME = "$(TARGET_NAME)";
				SWIFT_EMIT_LOC_STRINGS = YES;
				SWIFT_OBJC_BRIDGING_HEADER = "ScanBuild/ScanBuild-Bridging-Header.h";
				SWIFT_VERSION = 5.0;
				TARGETED_DEVICE_FAMILY = "1,2";
			};
			name = Debug;
		};
		AAA29E7C2C1711AC00CA267C /* Release */ = {
			isa = XCBuildConfiguration;
			buildSettings = {
				ASSETCATALOG_COMPILER_APPICON_NAME = AppIcon;
				ASSETCATALOG_COMPILER_GLOBAL_ACCENT_COLOR_NAME = AccentColor;
				CODE_SIGN_STYLE = Automatic;
				CURRENT_PROJECT_VERSION = 1;
				DEVELOPMENT_TEAM = D8V8DB2CZM;
				GENERATE_INFOPLIST_FILE = YES;
				INFOPLIST_KEY_NSCameraUsageDescription = "App will use Camera";
				INFOPLIST_KEY_UIApplicationSupportsIndirectInputEvents = YES;
				INFOPLIST_KEY_UILaunchScreen_Generation = YES;
				INFOPLIST_KEY_UIRequiredDeviceCapabilities = "arkit metal";
				INFOPLIST_KEY_UIRequiresFullScreen = NO;
				INFOPLIST_KEY_UIStatusBarHidden = YES;
				INFOPLIST_KEY_UIStatusBarStyle = "";
				INFOPLIST_KEY_UISupportedInterfaceOrientations = "UIInterfaceOrientationPortrait UIInterfaceOrientationPortraitUpsideDown UIInterfaceOrientationLandscapeRight";
				INFOPLIST_KEY_UISupportedInterfaceOrientations_iPad = "UIInterfaceOrientationPortrait UIInterfaceOrientationLandscapeRight";
				INFOPLIST_KEY_UISupportedInterfaceOrientations_iPhone = "UIInterfaceOrientationPortrait UIInterfaceOrientationPortraitUpsideDown UIInterfaceOrientationLandscapeRight";
				INFOPLIST_KEY_UISupportsDocumentBrowser = YES;
				LD_RUNPATH_SEARCH_PATHS = (
					"$(inherited)",
					"@executable_path/Frameworks",
				);
				MARKETING_VERSION = 1.0;
				PRODUCT_BUNDLE_IDENTIFIER = "EveryLAB-Tesi.ScanBuild";
				PRODUCT_NAME = "$(TARGET_NAME)";
				SWIFT_EMIT_LOC_STRINGS = YES;
				SWIFT_OBJC_BRIDGING_HEADER = "ScanBuild/ScanBuild-Bridging-Header.h";
				SWIFT_VERSION = 5.0;
				TARGETED_DEVICE_FAMILY = "1,2";
			};
			name = Release;
		};
/* End XCBuildConfiguration section */

/* Begin XCConfigurationList section */
		AAA29E612C1711AA00CA267C /* Build configuration list for PBXProject "ScanBuild" */ = {
			isa = XCConfigurationList;
			buildConfigurations = (
				AAA29E782C1711AC00CA267C /* Debug */,
				AAA29E792C1711AC00CA267C /* Release */,
			);
			defaultConfigurationIsVisible = 0;
			defaultConfigurationName = Release;
		};
		AAA29E7A2C1711AC00CA267C /* Build configuration list for PBXNativeTarget "ScanBuild" */ = {
			isa = XCConfigurationList;
			buildConfigurations = (
				AAA29E7B2C1711AC00CA267C /* Debug */,
				AAA29E7C2C1711AC00CA267C /* Release */,
			);
			defaultConfigurationIsVisible = 0;
			defaultConfigurationName = Release;
		};
/* End XCConfigurationList section */
	};
	rootObject = AAA29E5E2C1711AA00CA267C /* Project object */;
}
